// !$*UTF8*$!
{
	archiveVersion = 1;
	classes = {
	};
	objectVersion = 48;
	objects = {

/* Begin PBXBuildFile section */
		BAA1447744A4CA9C298A19B6 /* Pods_QuickDraw.framework in Frameworks */ = {isa = PBXBuildFile; fileRef = 831A0F4416AD3F1717CD65B2 /* Pods_QuickDraw.framework */; };
		F1919EF71FD5C4E8002D8631 /* UIKit.framework in Frameworks */ = {isa = PBXBuildFile; fileRef = F1919EF61FD5C4E8002D8631 /* UIKit.framework */; };
		F1B12D4C1FCA1D3D002C55F0 /* AppDelegate.swift in Sources */ = {isa = PBXBuildFile; fileRef = F1B12D4B1FCA1D3D002C55F0 /* AppDelegate.swift */; };
		F1B12D511FCA1D3D002C55F0 /* Main.storyboard in Resources */ = {isa = PBXBuildFile; fileRef = F1B12D4F1FCA1D3D002C55F0 /* Main.storyboard */; };
		F1B12D541FCA1D3D002C55F0 /* QuickDraw.xcdatamodeld in Sources */ = {isa = PBXBuildFile; fileRef = F1B12D521FCA1D3D002C55F0 /* QuickDraw.xcdatamodeld */; };
		F1B12D561FCA1D3D002C55F0 /* Assets.xcassets in Resources */ = {isa = PBXBuildFile; fileRef = F1B12D551FCA1D3D002C55F0 /* Assets.xcassets */; };
		F1B12D591FCA1D3D002C55F0 /* LaunchScreen.storyboard in Resources */ = {isa = PBXBuildFile; fileRef = F1B12D571FCA1D3D002C55F0 /* LaunchScreen.storyboard */; };
		F1B12D611FCA1D82002C55F0 /* ArtViewController.swift in Sources */ = {isa = PBXBuildFile; fileRef = F1B12D601FCA1D82002C55F0 /* ArtViewController.swift */; };
		F1B12D631FCA210B002C55F0 /* ViewController.swift in Sources */ = {isa = PBXBuildFile; fileRef = F1B12D621FCA210B002C55F0 /* ViewController.swift */; };
		F1D4C1E71FD316FC00F28B7F /* OpenCVWrapper.mm in Sources */ = {isa = PBXBuildFile; fileRef = F1D4C1E61FD316FC00F28B7F /* OpenCVWrapper.mm */; };
		F1F5EF4C1FD8709700289ED4 /* ProgressView.swift in Sources */ = {isa = PBXBuildFile; fileRef = F1F5EF4B1FD8709700289ED4 /* ProgressView.swift */; };
/* End PBXBuildFile section */

/* Begin PBXFileReference section */
		1216F485070499B66CFB253D /* Pods-QuickDraw.debug.xcconfig */ = {isa = PBXFileReference; includeInIndex = 1; lastKnownFileType = text.xcconfig; name = "Pods-QuickDraw.debug.xcconfig"; path = "Pods/Target Support Files/Pods-QuickDraw/Pods-QuickDraw.debug.xcconfig"; sourceTree = "<group>"; };
		831A0F4416AD3F1717CD65B2 /* Pods_QuickDraw.framework */ = {isa = PBXFileReference; explicitFileType = wrapper.framework; includeInIndex = 0; path = Pods_QuickDraw.framework; sourceTree = BUILT_PRODUCTS_DIR; };
		AA4DA89463FD8B2610902E9F /* Pods-QuickDraw.release.xcconfig */ = {isa = PBXFileReference; includeInIndex = 1; lastKnownFileType = text.xcconfig; name = "Pods-QuickDraw.release.xcconfig"; path = "Pods/Target Support Files/Pods-QuickDraw/Pods-QuickDraw.release.xcconfig"; sourceTree = "<group>"; };
		F1919EF61FD5C4E8002D8631 /* UIKit.framework */ = {isa = PBXFileReference; lastKnownFileType = wrapper.framework; name = UIKit.framework; path = System/Library/Frameworks/UIKit.framework; sourceTree = SDKROOT; };
		F1B12D481FCA1D3D002C55F0 /* QuickDraw.app */ = {isa = PBXFileReference; explicitFileType = wrapper.application; includeInIndex = 0; path = QuickDraw.app; sourceTree = BUILT_PRODUCTS_DIR; };
		F1B12D4B1FCA1D3D002C55F0 /* AppDelegate.swift */ = {isa = PBXFileReference; lastKnownFileType = sourcecode.swift; path = AppDelegate.swift; sourceTree = "<group>"; };
		F1B12D501FCA1D3D002C55F0 /* Base */ = {isa = PBXFileReference; lastKnownFileType = file.storyboard; name = Base; path = Base.lproj/Main.storyboard; sourceTree = "<group>"; };
		F1B12D531FCA1D3D002C55F0 /* QuickDraw.xcdatamodel */ = {isa = PBXFileReference; lastKnownFileType = wrapper.xcdatamodel; path = QuickDraw.xcdatamodel; sourceTree = "<group>"; };
		F1B12D551FCA1D3D002C55F0 /* Assets.xcassets */ = {isa = PBXFileReference; lastKnownFileType = folder.assetcatalog; path = Assets.xcassets; sourceTree = "<group>"; };
		F1B12D581FCA1D3D002C55F0 /* Base */ = {isa = PBXFileReference; lastKnownFileType = file.storyboard; name = Base; path = Base.lproj/LaunchScreen.storyboard; sourceTree = "<group>"; };
		F1B12D5A1FCA1D3D002C55F0 /* Info.plist */ = {isa = PBXFileReference; lastKnownFileType = text.plist.xml; path = Info.plist; sourceTree = "<group>"; };
		F1B12D601FCA1D82002C55F0 /* ArtViewController.swift */ = {isa = PBXFileReference; lastKnownFileType = sourcecode.swift; path = ArtViewController.swift; sourceTree = "<group>"; };
		F1B12D621FCA210B002C55F0 /* ViewController.swift */ = {isa = PBXFileReference; fileEncoding = 4; lastKnownFileType = sourcecode.swift; path = ViewController.swift; sourceTree = "<group>"; };
		F1D4C1E41FD316FC00F28B7F /* QuickDraw-Bridging-Header.h */ = {isa = PBXFileReference; lastKnownFileType = sourcecode.c.h; path = "QuickDraw-Bridging-Header.h"; sourceTree = "<group>"; };
		F1D4C1E51FD316FC00F28B7F /* OpenCVWrapper.h */ = {isa = PBXFileReference; lastKnownFileType = sourcecode.c.h; path = OpenCVWrapper.h; sourceTree = "<group>"; };
		F1D4C1E61FD316FC00F28B7F /* OpenCVWrapper.mm */ = {isa = PBXFileReference; lastKnownFileType = sourcecode.cpp.objcpp; path = OpenCVWrapper.mm; sourceTree = "<group>"; };
		F1F5EF4B1FD8709700289ED4 /* ProgressView.swift */ = {isa = PBXFileReference; lastKnownFileType = sourcecode.swift; path = ProgressView.swift; sourceTree = "<group>"; };
/* End PBXFileReference section */

/* Begin PBXFrameworksBuildPhase section */
		F1B12D451FCA1D3D002C55F0 /* Frameworks */ = {
			isa = PBXFrameworksBuildPhase;
			buildActionMask = 2147483647;
			files = (
				F1919EF71FD5C4E8002D8631 /* UIKit.framework in Frameworks */,
				BAA1447744A4CA9C298A19B6 /* Pods_QuickDraw.framework in Frameworks */,
			);
			runOnlyForDeploymentPostprocessing = 0;
		};
/* End PBXFrameworksBuildPhase section */

/* Begin PBXGroup section */
		6469A2E68C16296B01B39625 /* Frameworks */ = {
			isa = PBXGroup;
			children = (
				F1919EF61FD5C4E8002D8631 /* UIKit.framework */,
				831A0F4416AD3F1717CD65B2 /* Pods_QuickDraw.framework */,
			);
			name = Frameworks;
			sourceTree = "<group>";
		};
		902FCA3C4072E264B781D430 /* Pods */ = {
			isa = PBXGroup;
			children = (
				1216F485070499B66CFB253D /* Pods-QuickDraw.debug.xcconfig */,
				AA4DA89463FD8B2610902E9F /* Pods-QuickDraw.release.xcconfig */,
			);
			name = Pods;
			sourceTree = "<group>";
		};
		F1B12D3F1FCA1D3D002C55F0 = {
			isa = PBXGroup;
			children = (
				F1B12D4A1FCA1D3D002C55F0 /* QuickDraw */,
				F1B12D491FCA1D3D002C55F0 /* Products */,
				902FCA3C4072E264B781D430 /* Pods */,
				6469A2E68C16296B01B39625 /* Frameworks */,
			);
			sourceTree = "<group>";
		};
		F1B12D491FCA1D3D002C55F0 /* Products */ = {
			isa = PBXGroup;
			children = (
				F1B12D481FCA1D3D002C55F0 /* QuickDraw.app */,
			);
			name = Products;
			sourceTree = "<group>";
		};
		F1B12D4A1FCA1D3D002C55F0 /* QuickDraw */ = {
			isa = PBXGroup;
			children = (
				F1D4C1E31FD316DB00F28B7F /* Wrappers */,
				F1B12D4B1FCA1D3D002C55F0 /* AppDelegate.swift */,
				F1B12D4F1FCA1D3D002C55F0 /* Main.storyboard */,
				F1B12D601FCA1D82002C55F0 /* ArtViewController.swift */,
				F1F5EF4B1FD8709700289ED4 /* ProgressView.swift */,
				F1B12D551FCA1D3D002C55F0 /* Assets.xcassets */,
				F1B12D621FCA210B002C55F0 /* ViewController.swift */,
				F1B12D571FCA1D3D002C55F0 /* LaunchScreen.storyboard */,
				F1B12D5A1FCA1D3D002C55F0 /* Info.plist */,
				F1B12D521FCA1D3D002C55F0 /* QuickDraw.xcdatamodeld */,
			);
			path = QuickDraw;
			sourceTree = "<group>";
		};
		F1D4C1E31FD316DB00F28B7F /* Wrappers */ = {
			isa = PBXGroup;
			children = (
				F1D4C1E51FD316FC00F28B7F /* OpenCVWrapper.h */,
				F1D4C1E61FD316FC00F28B7F /* OpenCVWrapper.mm */,
				F1D4C1E41FD316FC00F28B7F /* QuickDraw-Bridging-Header.h */,
			);
			name = Wrappers;
			path = "New Group";
			sourceTree = "<group>";
		};
/* End PBXGroup section */

/* Begin PBXNativeTarget section */
		F1B12D471FCA1D3D002C55F0 /* QuickDraw */ = {
			isa = PBXNativeTarget;
			buildConfigurationList = F1B12D5D1FCA1D3D002C55F0 /* Build configuration list for PBXNativeTarget "QuickDraw" */;
			buildPhases = (
				47682631147B46FA276DEC75 /* [CP] Check Pods Manifest.lock */,
				F1B12D441FCA1D3D002C55F0 /* Sources */,
				F1B12D451FCA1D3D002C55F0 /* Frameworks */,
				F1B12D461FCA1D3D002C55F0 /* Resources */,
				25C0EEE2B447D2D737D5B7A4 /* [CP] Embed Pods Frameworks */,
				CDEA0804B89A76896C828B58 /* [CP] Copy Pods Resources */,
			);
			buildRules = (
			);
			dependencies = (
			);
			name = QuickDraw;
			productName = QuickDraw;
			productReference = F1B12D481FCA1D3D002C55F0 /* QuickDraw.app */;
			productType = "com.apple.product-type.application";
		};
/* End PBXNativeTarget section */

/* Begin PBXProject section */
		F1B12D401FCA1D3D002C55F0 /* Project object */ = {
			isa = PBXProject;
			attributes = {
				LastSwiftUpdateCheck = 0900;
				LastUpgradeCheck = 0900;
				ORGANIZATIONNAME = bhavingpt;
				TargetAttributes = {
					F1B12D471FCA1D3D002C55F0 = {
						CreatedOnToolsVersion = 9.0;
						LastSwiftMigration = 0900;
						ProvisioningStyle = Automatic;
					};
				};
			};
			buildConfigurationList = F1B12D431FCA1D3D002C55F0 /* Build configuration list for PBXProject "QuickDraw" */;
			compatibilityVersion = "Xcode 8.0";
			developmentRegion = en;
			hasScannedForEncodings = 0;
			knownRegions = (
				en,
				Base,
			);
			mainGroup = F1B12D3F1FCA1D3D002C55F0;
			productRefGroup = F1B12D491FCA1D3D002C55F0 /* Products */;
			projectDirPath = "";
			projectRoot = "";
			targets = (
				F1B12D471FCA1D3D002C55F0 /* QuickDraw */,
			);
		};
/* End PBXProject section */

/* Begin PBXResourcesBuildPhase section */
		F1B12D461FCA1D3D002C55F0 /* Resources */ = {
			isa = PBXResourcesBuildPhase;
			buildActionMask = 2147483647;
			files = (
				F1B12D591FCA1D3D002C55F0 /* LaunchScreen.storyboard in Resources */,
				F1B12D561FCA1D3D002C55F0 /* Assets.xcassets in Resources */,
				F1B12D511FCA1D3D002C55F0 /* Main.storyboard in Resources */,
			);
			runOnlyForDeploymentPostprocessing = 0;
		};
/* End PBXResourcesBuildPhase section */

/* Begin PBXShellScriptBuildPhase section */
		25C0EEE2B447D2D737D5B7A4 /* [CP] Embed Pods Frameworks */ = {
			isa = PBXShellScriptBuildPhase;
			buildActionMask = 2147483647;
			files = (
			);
			inputPaths = (
				"${SRCROOT}/Pods/Target Support Files/Pods-QuickDraw/Pods-QuickDraw-frameworks.sh",
				"${BUILT_PRODUCTS_DIR}/OpenCV/opencv2.framework",
			);
			name = "[CP] Embed Pods Frameworks";
			outputPaths = (
				"${TARGET_BUILD_DIR}/${FRAMEWORKS_FOLDER_PATH}/opencv2.framework",
			);
			runOnlyForDeploymentPostprocessing = 0;
			shellPath = /bin/sh;
			shellScript = "\"${SRCROOT}/Pods/Target Support Files/Pods-QuickDraw/Pods-QuickDraw-frameworks.sh\"\n";
			showEnvVarsInLog = 0;
		};
		47682631147B46FA276DEC75 /* [CP] Check Pods Manifest.lock */ = {
			isa = PBXShellScriptBuildPhase;
			buildActionMask = 2147483647;
			files = (
			);
			inputPaths = (
				"${PODS_PODFILE_DIR_PATH}/Podfile.lock",
				"${PODS_ROOT}/Manifest.lock",
			);
			name = "[CP] Check Pods Manifest.lock";
			outputPaths = (
				"$(DERIVED_FILE_DIR)/Pods-QuickDraw-checkManifestLockResult.txt",
			);
			runOnlyForDeploymentPostprocessing = 0;
			shellPath = /bin/sh;
			shellScript = "diff \"${PODS_PODFILE_DIR_PATH}/Podfile.lock\" \"${PODS_ROOT}/Manifest.lock\" > /dev/null\nif [ $? != 0 ] ; then\n    # print error to STDERR\n    echo \"error: The sandbox is not in sync with the Podfile.lock. Run 'pod install' or update your CocoaPods installation.\" >&2\n    exit 1\nfi\n# This output is used by Xcode 'outputs' to avoid re-running this script phase.\necho \"SUCCESS\" > \"${SCRIPT_OUTPUT_FILE_0}\"\n";
			showEnvVarsInLog = 0;
		};
		CDEA0804B89A76896C828B58 /* [CP] Copy Pods Resources */ = {
			isa = PBXShellScriptBuildPhase;
			buildActionMask = 2147483647;
			files = (
			);
			inputPaths = (
			);
			name = "[CP] Copy Pods Resources";
			outputPaths = (
			);
			runOnlyForDeploymentPostprocessing = 0;
			shellPath = /bin/sh;
			shellScript = "\"${SRCROOT}/Pods/Target Support Files/Pods-QuickDraw/Pods-QuickDraw-resources.sh\"\n";
			showEnvVarsInLog = 0;
		};
/* End PBXShellScriptBuildPhase section */

/* Begin PBXSourcesBuildPhase section */
		F1B12D441FCA1D3D002C55F0 /* Sources */ = {
			isa = PBXSourcesBuildPhase;
			buildActionMask = 2147483647;
			files = (
				F1B12D611FCA1D82002C55F0 /* ArtViewController.swift in Sources */,
				F1D4C1E71FD316FC00F28B7F /* OpenCVWrapper.mm in Sources */,
				F1B12D4C1FCA1D3D002C55F0 /* AppDelegate.swift in Sources */,
				F1B12D631FCA210B002C55F0 /* ViewController.swift in Sources */,
				F1B12D541FCA1D3D002C55F0 /* QuickDraw.xcdatamodeld in Sources */,
				F1F5EF4C1FD8709700289ED4 /* ProgressView.swift in Sources */,
			);
			runOnlyForDeploymentPostprocessing = 0;
		};
/* End PBXSourcesBuildPhase section */

/* Begin PBXVariantGroup section */
		F1B12D4F1FCA1D3D002C55F0 /* Main.storyboard */ = {
			isa = PBXVariantGroup;
			children = (
				F1B12D501FCA1D3D002C55F0 /* Base */,
			);
			name = Main.storyboard;
			sourceTree = "<group>";
		};
		F1B12D571FCA1D3D002C55F0 /* LaunchScreen.storyboard */ = {
			isa = PBXVariantGroup;
			children = (
				F1B12D581FCA1D3D002C55F0 /* Base */,
			);
			name = LaunchScreen.storyboard;
			sourceTree = "<group>";
		};
/* End PBXVariantGroup section */

/* Begin XCBuildConfiguration section */
		F1B12D5B1FCA1D3D002C55F0 /* Debug */ = {
			isa = XCBuildConfiguration;
			buildSettings = {
				ALWAYS_SEARCH_USER_PATHS = NO;
				CLANG_ANALYZER_NONNULL = YES;
				CLANG_ANALYZER_NUMBER_OBJECT_CONVERSION = YES_AGGRESSIVE;
				CLANG_CXX_LANGUAGE_STANDARD = "gnu++14";
				CLANG_CXX_LIBRARY = "libc++";
				CLANG_ENABLE_MODULES = YES;
				CLANG_ENABLE_OBJC_ARC = YES;
				CLANG_WARN_BLOCK_CAPTURE_AUTORELEASING = YES;
				CLANG_WARN_BOOL_CONVERSION = YES;
				CLANG_WARN_COMMA = YES;
				CLANG_WARN_CONSTANT_CONVERSION = YES;
				CLANG_WARN_DIRECT_OBJC_ISA_USAGE = YES_ERROR;
				CLANG_WARN_DOCUMENTATION_COMMENTS = YES;
				CLANG_WARN_EMPTY_BODY = YES;
				CLANG_WARN_ENUM_CONVERSION = YES;
				CLANG_WARN_INFINITE_RECURSION = YES;
				CLANG_WARN_INT_CONVERSION = YES;
				CLANG_WARN_NON_LITERAL_NULL_CONVERSION = YES;
				CLANG_WARN_OBJC_LITERAL_CONVERSION = YES;
				CLANG_WARN_OBJC_ROOT_CLASS = YES_ERROR;
				CLANG_WARN_RANGE_LOOP_ANALYSIS = YES;
				CLANG_WARN_STRICT_PROTOTYPES = YES;
				CLANG_WARN_SUSPICIOUS_MOVE = YES;
				CLANG_WARN_UNGUARDED_AVAILABILITY = YES_AGGRESSIVE;
				CLANG_WARN_UNREACHABLE_CODE = YES;
				CLANG_WARN__DUPLICATE_METHOD_MATCH = YES;
				CODE_SIGN_IDENTITY = "iPhone Developer";
				COPY_PHASE_STRIP = NO;
				DEBUG_INFORMATION_FORMAT = dwarf;
				ENABLE_STRICT_OBJC_MSGSEND = YES;
				ENABLE_TESTABILITY = YES;
				GCC_C_LANGUAGE_STANDARD = gnu11;
				GCC_DYNAMIC_NO_PIC = NO;
				GCC_NO_COMMON_BLOCKS = YES;
				GCC_OPTIMIZATION_LEVEL = 0;
				GCC_PREPROCESSOR_DEFINITIONS = (
					"DEBUG=1",
					"$(inherited)",
				);
				GCC_WARN_64_TO_32_BIT_CONVERSION = YES;
				GCC_WARN_ABOUT_RETURN_TYPE = YES_ERROR;
				GCC_WARN_UNDECLARED_SELECTOR = YES;
				GCC_WARN_UNINITIALIZED_AUTOS = YES_AGGRESSIVE;
				GCC_WARN_UNUSED_FUNCTION = YES;
				GCC_WARN_UNUSED_VARIABLE = YES;
				IPHONEOS_DEPLOYMENT_TARGET = 11.0;
				MTL_ENABLE_DEBUG_INFO = YES;
				ONLY_ACTIVE_ARCH = YES;
				SDKROOT = iphoneos;
				SWIFT_ACTIVE_COMPILATION_CONDITIONS = DEBUG;
				SWIFT_OPTIMIZATION_LEVEL = "-Onone";
			};
			name = Debug;
		};
		F1B12D5C1FCA1D3D002C55F0 /* Release */ = {
			isa = XCBuildConfiguration;
			buildSettings = {
				ALWAYS_SEARCH_USER_PATHS = NO;
				CLANG_ANALYZER_NONNULL = YES;
				CLANG_ANALYZER_NUMBER_OBJECT_CONVERSION = YES_AGGRESSIVE;
				CLANG_CXX_LANGUAGE_STANDARD = "gnu++14";
				CLANG_CXX_LIBRARY = "libc++";
				CLANG_ENABLE_MODULES = YES;
				CLANG_ENABLE_OBJC_ARC = YES;
				CLANG_WARN_BLOCK_CAPTURE_AUTORELEASING = YES;
				CLANG_WARN_BOOL_CONVERSION = YES;
				CLANG_WARN_COMMA = YES;
				CLANG_WARN_CONSTANT_CONVERSION = YES;
				CLANG_WARN_DIRECT_OBJC_ISA_USAGE = YES_ERROR;
				CLANG_WARN_DOCUMENTATION_COMMENTS = YES;
				CLANG_WARN_EMPTY_BODY = YES;
				CLANG_WARN_ENUM_CONVERSION = YES;
				CLANG_WARN_INFINITE_RECURSION = YES;
				CLANG_WARN_INT_CONVERSION = YES;
				CLANG_WARN_NON_LITERAL_NULL_CONVERSION = YES;
				CLANG_WARN_OBJC_LITERAL_CONVERSION = YES;
				CLANG_WARN_OBJC_ROOT_CLASS = YES_ERROR;
				CLANG_WARN_RANGE_LOOP_ANALYSIS = YES;
				CLANG_WARN_STRICT_PROTOTYPES = YES;
				CLANG_WARN_SUSPICIOUS_MOVE = YES;
				CLANG_WARN_UNGUARDED_AVAILABILITY = YES_AGGRESSIVE;
				CLANG_WARN_UNREACHABLE_CODE = YES;
				CLANG_WARN__DUPLICATE_METHOD_MATCH = YES;
				CODE_SIGN_IDENTITY = "iPhone Developer";
				COPY_PHASE_STRIP = NO;
				DEBUG_INFORMATION_FORMAT = "dwarf-with-dsym";
				ENABLE_NS_ASSERTIONS = NO;
				ENABLE_STRICT_OBJC_MSGSEND = YES;
				GCC_C_LANGUAGE_STANDARD = gnu11;
				GCC_NO_COMMON_BLOCKS = YES;
				GCC_WARN_64_TO_32_BIT_CONVERSION = YES;
				GCC_WARN_ABOUT_RETURN_TYPE = YES_ERROR;
				GCC_WARN_UNDECLARED_SELECTOR = YES;
				GCC_WARN_UNINITIALIZED_AUTOS = YES_AGGRESSIVE;
				GCC_WARN_UNUSED_FUNCTION = YES;
				GCC_WARN_UNUSED_VARIABLE = YES;
				IPHONEOS_DEPLOYMENT_TARGET = 11.0;
				MTL_ENABLE_DEBUG_INFO = NO;
				SDKROOT = iphoneos;
				SWIFT_OPTIMIZATION_LEVEL = "-Owholemodule";
				VALIDATE_PRODUCT = YES;
			};
			name = Release;
		};
		F1B12D5E1FCA1D3D002C55F0 /* Debug */ = {
			isa = XCBuildConfiguration;
			baseConfigurationReference = 1216F485070499B66CFB253D /* Pods-QuickDraw.debug.xcconfig */;
			buildSettings = {
				ASSETCATALOG_COMPILER_APPICON_NAME = AppIcon;
				CLANG_ENABLE_MODULES = YES;
				CODE_SIGN_STYLE = Automatic;
				DEVELOPMENT_TEAM = Y9Y2F3R8U3;
				INFOPLIST_FILE = QuickDraw/Info.plist;
				LD_RUNPATH_SEARCH_PATHS = "$(inherited) @executable_path/Frameworks";
				PRODUCT_BUNDLE_IDENTIFIER = self.edu.bhavingupta.QuickDraw;
				PRODUCT_NAME = "$(TARGET_NAME)";
				SWIFT_OBJC_BRIDGING_HEADER = "QuickDraw/New Group/QuickDraw-Bridging-Header.h";
				SWIFT_OPTIMIZATION_LEVEL = "-Onone";
				SWIFT_VERSION = 4.0;
				TARGETED_DEVICE_FAMILY = "1,2";
			};
			name = Debug;
		};
		F1B12D5F1FCA1D3D002C55F0 /* Release */ = {
			isa = XCBuildConfiguration;
			baseConfigurationReference = AA4DA89463FD8B2610902E9F /* Pods-QuickDraw.release.xcconfig */;
			buildSettings = {
				ASSETCATALOG_COMPILER_APPICON_NAME = AppIcon;
				CLANG_ENABLE_MODULES = YES;
				CODE_SIGN_STYLE = Automatic;
				DEVELOPMENT_TEAM = Y9Y2F3R8U3;
				INFOPLIST_FILE = QuickDraw/Info.plist;
				LD_RUNPATH_SEARCH_PATHS = "$(inherited) @executable_path/Frameworks";
				PRODUCT_BUNDLE_IDENTIFIER = self.edu.bhavingupta.QuickDraw;
				PRODUCT_NAME = "$(TARGET_NAME)";
				SWIFT_OBJC_BRIDGING_HEADER = "QuickDraw/New Group/QuickDraw-Bridging-Header.h";
				SWIFT_VERSION = 4.0;
				TARGETED_DEVICE_FAMILY = "1,2";
			};
			name = Release;
		};
/* End XCBuildConfiguration section */

/* Begin XCConfigurationList section */
		F1B12D431FCA1D3D002C55F0 /* Build configuration list for PBXProject "QuickDraw" */ = {
			isa = XCConfigurationList;
			buildConfigurations = (
				F1B12D5B1FCA1D3D002C55F0 /* Debug */,
				F1B12D5C1FCA1D3D002C55F0 /* Release */,
			);
			defaultConfigurationIsVisible = 0;
			defaultConfigurationName = Release;
		};
		F1B12D5D1FCA1D3D002C55F0 /* Build configuration list for PBXNativeTarget "QuickDraw" */ = {
			isa = XCConfigurationList;
			buildConfigurations = (
				F1B12D5E1FCA1D3D002C55F0 /* Debug */,
				F1B12D5F1FCA1D3D002C55F0 /* Release */,
			);
			defaultConfigurationIsVisible = 0;
			defaultConfigurationName = Release;
		};
/* End XCConfigurationList section */

/* Begin XCVersionGroup section */
		F1B12D521FCA1D3D002C55F0 /* QuickDraw.xcdatamodeld */ = {
			isa = XCVersionGroup;
			children = (
				F1B12D531FCA1D3D002C55F0 /* QuickDraw.xcdatamodel */,
			);
			currentVersion = F1B12D531FCA1D3D002C55F0 /* QuickDraw.xcdatamodel */;
			path = QuickDraw.xcdatamodeld;
			sourceTree = "<group>";
			versionGroupType = wrapper.xcdatamodel;
		};
/* End XCVersionGroup section */
	};
	rootObject = F1B12D401FCA1D3D002C55F0 /* Project object */;
}
